
Microsoft Visual Studio Solution File, Format Version 12.00
# Visual Studio Version 17
VisualStudioVersion = 17.3.32901.215
MinimumVisualStudioVersion = 10.0.40219.1
Project("{FAE04EC0-301F-11D3-BF4B-00C04F79EFBC}") = "AreaTriangolo", "AreaTriangolo\AreaTriangolo.csproj", "{D823546D-D38F-4BEA-83B4-35A1B75F7FD7}"
EndProject
Global
	GlobalSection(SolutionConfigurationPlatforms) = preSolution
		Debug|Any CPU = Debug|Any CPU
		Release|Any CPU = Release|Any CPU
	EndGlobalSection
	GlobalSection(ProjectConfigurationPlatforms) = postSolution
		{D823546D-D38F-4BEA-83B4-35A1B75F7FD7}.Debug|Any CPU.ActiveCfg = Debug|Any CPU
		{D823546D-D38F-4BEA-83B4-35A1B75F7FD7}.Debug|Any CPU.Build.0 = Debug|Any CPU
		{D823546D-D38F-4BEA-83B4-35A1B75F7FD7}.Release|Any CPU.ActiveCfg = Release|Any CPU
		{D823546D-D38F-4BEA-83B4-35A1B75F7FD7}.Release|Any CPU.Build.0 = Release|Any CPU
	EndGlobalSection
	GlobalSection(SolutionProperties) = preSolution
		HideSolutionNode = FALSE
	EndGlobalSection
	GlobalSection(ExtensibilityGlobals) = postSolution
		SolutionGuid = {4EDF949A-73A4-46EA-BC0A-7D848571B156}
	EndGlobalSection
EndGlobal
